// !$*UTF8*$!
{
	archiveVersion = 1;
	classes = {
	};
	objectVersion = 55;
	objects = {

/* Begin PBXBuildFile section */
		C85F65F910D48AA3B34E41AD /* Pods_app_doan_xe.framework in Frameworks */ = {isa = PBXBuildFile; fileRef = 22F4FED4FC7DC8A4BD21D2EA /* Pods_app_doan_xe.framework */; };
		E72711432710C42D005CCD0D /* WordsModel.swift in Sources */ = {isa = PBXBuildFile; fileRef = E72711422710C42D005CCD0D /* WordsModel.swift */; };
		E72711452710D08A005CCD0D /* ChooseLevelViewController.swift in Sources */ = {isa = PBXBuildFile; fileRef = E72711442710D08A005CCD0D /* ChooseLevelViewController.swift */; };
		E72711472710D0C6005CCD0D /* LevelViewController.swift in Sources */ = {isa = PBXBuildFile; fileRef = E72711462710D0C6005CCD0D /* LevelViewController.swift */; };
		E727114A2710D41A005CCD0D /* ChooseLevelCLVCell.swift in Sources */ = {isa = PBXBuildFile; fileRef = E72711482710D41A005CCD0D /* ChooseLevelCLVCell.swift */; };
		E727114B2710D41A005CCD0D /* ChooseLevelCLVCell.xib in Resources */ = {isa = PBXBuildFile; fileRef = E72711492710D41A005CCD0D /* ChooseLevelCLVCell.xib */; };
		E727114E2710DCE1005CCD0D /* LevelCLVCell.swift in Sources */ = {isa = PBXBuildFile; fileRef = E727114C2710DCE1005CCD0D /* LevelCLVCell.swift */; };
		E727114F2710DCE1005CCD0D /* LevelCLVCell.xib in Resources */ = {isa = PBXBuildFile; fileRef = E727114D2710DCE1005CCD0D /* LevelCLVCell.xib */; };
		E728B02C271090EF00FC3E61 /* PlayViewController.swift in Sources */ = {isa = PBXBuildFile; fileRef = E728B02B271090EF00FC3E61 /* PlayViewController.swift */; };
		E738E3FB271B5BF700FC871C /* SQLiteService.swift in Sources */ = {isa = PBXBuildFile; fileRef = E738E3FA271B5BF700FC871C /* SQLiteService.swift */; };
		E738E3FF271B671200FC871C /* Database in Resources */ = {isa = PBXBuildFile; fileRef = E738E3FE271B671100FC871C /* Database */; };
		E791184B270BE60A00FBF0DA /* Roboto-Regular.ttf in Resources */ = {isa = PBXBuildFile; fileRef = E791184A270BE60A00FBF0DA /* Roboto-Regular.ttf */; };
		E7C4915227109451001F8929 /* GuessCLVCell.swift in Sources */ = {isa = PBXBuildFile; fileRef = E7C4915027109451001F8929 /* GuessCLVCell.swift */; };
		E7C4915327109451001F8929 /* GuessCLVCell.xib in Resources */ = {isa = PBXBuildFile; fileRef = E7C4915127109451001F8929 /* GuessCLVCell.xib */; };
		E7C491562710946A001F8929 /* AnswerCLVCell.swift in Sources */ = {isa = PBXBuildFile; fileRef = E7C491542710946A001F8929 /* AnswerCLVCell.swift */; };
		E7C491572710946A001F8929 /* AnswerCLVCell.xib in Resources */ = {isa = PBXBuildFile; fileRef = E7C491552710946A001F8929 /* AnswerCLVCell.xib */; };
		E7DFDB7D271229C400419115 /* ImageCLVCell.swift in Sources */ = {isa = PBXBuildFile; fileRef = E7DFDB7B271229C400419115 /* ImageCLVCell.swift */; };
		E7DFDB7E271229C500419115 /* ImageCLVCell.xib in Resources */ = {isa = PBXBuildFile; fileRef = E7DFDB7C271229C400419115 /* ImageCLVCell.xib */; };
		E7ED94232709C5AF00E64765 /* AppDelegate.swift in Sources */ = {isa = PBXBuildFile; fileRef = E7ED94222709C5AF00E64765 /* AppDelegate.swift */; };
		E7ED94252709C5AF00E64765 /* SceneDelegate.swift in Sources */ = {isa = PBXBuildFile; fileRef = E7ED94242709C5AF00E64765 /* SceneDelegate.swift */; };
		E7ED94272709C5AF00E64765 /* MainViewController.swift in Sources */ = {isa = PBXBuildFile; fileRef = E7ED94262709C5AF00E64765 /* MainViewController.swift */; };
		E7ED942A2709C5AF00E64765 /* Main.storyboard in Resources */ = {isa = PBXBuildFile; fileRef = E7ED94282709C5AF00E64765 /* Main.storyboard */; };
		E7ED942C2709C5B100E64765 /* Assets.xcassets in Resources */ = {isa = PBXBuildFile; fileRef = E7ED942B2709C5B100E64765 /* Assets.xcassets */; };
		E7ED942F2709C5B100E64765 /* LaunchScreen.storyboard in Resources */ = {isa = PBXBuildFile; fileRef = E7ED942D2709C5B100E64765 /* LaunchScreen.storyboard */; };
/* End PBXBuildFile section */

/* Begin PBXFileReference section */
		22F4FED4FC7DC8A4BD21D2EA /* Pods_app_doan_xe.framework */ = {isa = PBXFileReference; explicitFileType = wrapper.framework; includeInIndex = 0; path = Pods_app_doan_xe.framework; sourceTree = BUILT_PRODUCTS_DIR; };
		3B90D1D9EAE11DBFFD458412 /* Pods-app_doan_xe.release.xcconfig */ = {isa = PBXFileReference; includeInIndex = 1; lastKnownFileType = text.xcconfig; name = "Pods-app_doan_xe.release.xcconfig"; path = "Target Support Files/Pods-app_doan_xe/Pods-app_doan_xe.release.xcconfig"; sourceTree = "<group>"; };
		90B3EA4D4848631E18B46067 /* Pods-app_doan_xe.debug.xcconfig */ = {isa = PBXFileReference; includeInIndex = 1; lastKnownFileType = text.xcconfig; name = "Pods-app_doan_xe.debug.xcconfig"; path = "Target Support Files/Pods-app_doan_xe/Pods-app_doan_xe.debug.xcconfig"; sourceTree = "<group>"; };
		E72711422710C42D005CCD0D /* WordsModel.swift */ = {isa = PBXFileReference; lastKnownFileType = sourcecode.swift; path = WordsModel.swift; sourceTree = "<group>"; };
		E72711442710D08A005CCD0D /* ChooseLevelViewController.swift */ = {isa = PBXFileReference; lastKnownFileType = sourcecode.swift; path = ChooseLevelViewController.swift; sourceTree = "<group>"; };
		E72711462710D0C6005CCD0D /* LevelViewController.swift */ = {isa = PBXFileReference; lastKnownFileType = sourcecode.swift; path = LevelViewController.swift; sourceTree = "<group>"; };
		E72711482710D41A005CCD0D /* ChooseLevelCLVCell.swift */ = {isa = PBXFileReference; lastKnownFileType = sourcecode.swift; path = ChooseLevelCLVCell.swift; sourceTree = "<group>"; };
		E72711492710D41A005CCD0D /* ChooseLevelCLVCell.xib */ = {isa = PBXFileReference; lastKnownFileType = file.xib; path = ChooseLevelCLVCell.xib; sourceTree = "<group>"; };
		E727114C2710DCE1005CCD0D /* LevelCLVCell.swift */ = {isa = PBXFileReference; lastKnownFileType = sourcecode.swift; path = LevelCLVCell.swift; sourceTree = "<group>"; };
		E727114D2710DCE1005CCD0D /* LevelCLVCell.xib */ = {isa = PBXFileReference; lastKnownFileType = file.xib; path = LevelCLVCell.xib; sourceTree = "<group>"; };
		E728B02B271090EF00FC3E61 /* PlayViewController.swift */ = {isa = PBXFileReference; lastKnownFileType = sourcecode.swift; path = PlayViewController.swift; sourceTree = "<group>"; };
		E738E3FA271B5BF700FC871C /* SQLiteService.swift */ = {isa = PBXFileReference; lastKnownFileType = sourcecode.swift; path = SQLiteService.swift; sourceTree = "<group>"; };
		E738E3FE271B671100FC871C /* Database */ = {isa = PBXFileReference; lastKnownFileType = folder; path = Database; sourceTree = "<group>"; };
		E791184A270BE60A00FBF0DA /* Roboto-Regular.ttf */ = {isa = PBXFileReference; lastKnownFileType = file; path = "Roboto-Regular.ttf"; sourceTree = "<group>"; };
		E791184C270C29EE00FBF0DA /* LuckiestGuy-Regular.ttf */ = {isa = PBXFileReference; lastKnownFileType = file; path = "LuckiestGuy-Regular.ttf"; sourceTree = "<group>"; };
		E7C4915027109451001F8929 /* GuessCLVCell.swift */ = {isa = PBXFileReference; lastKnownFileType = sourcecode.swift; path = GuessCLVCell.swift; sourceTree = "<group>"; };
		E7C4915127109451001F8929 /* GuessCLVCell.xib */ = {isa = PBXFileReference; lastKnownFileType = file.xib; path = GuessCLVCell.xib; sourceTree = "<group>"; };
		E7C491542710946A001F8929 /* AnswerCLVCell.swift */ = {isa = PBXFileReference; lastKnownFileType = sourcecode.swift; path = AnswerCLVCell.swift; sourceTree = "<group>"; };
		E7C491552710946A001F8929 /* AnswerCLVCell.xib */ = {isa = PBXFileReference; lastKnownFileType = file.xib; path = AnswerCLVCell.xib; sourceTree = "<group>"; };
		E7DFDB7B271229C400419115 /* ImageCLVCell.swift */ = {isa = PBXFileReference; lastKnownFileType = sourcecode.swift; path = ImageCLVCell.swift; sourceTree = "<group>"; };
		E7DFDB7C271229C400419115 /* ImageCLVCell.xib */ = {isa = PBXFileReference; lastKnownFileType = file.xib; path = ImageCLVCell.xib; sourceTree = "<group>"; };
		E7ED941F2709C5AF00E64765 /* app_doan_xe.app */ = {isa = PBXFileReference; explicitFileType = wrapper.application; includeInIndex = 0; path = app_doan_xe.app; sourceTree = BUILT_PRODUCTS_DIR; };
		E7ED94222709C5AF00E64765 /* AppDelegate.swift */ = {isa = PBXFileReference; lastKnownFileType = sourcecode.swift; path = AppDelegate.swift; sourceTree = "<group>"; };
		E7ED94242709C5AF00E64765 /* SceneDelegate.swift */ = {isa = PBXFileReference; lastKnownFileType = sourcecode.swift; path = SceneDelegate.swift; sourceTree = "<group>"; };
		E7ED94262709C5AF00E64765 /* MainViewController.swift */ = {isa = PBXFileReference; lastKnownFileType = sourcecode.swift; path = MainViewController.swift; sourceTree = "<group>"; };
		E7ED94292709C5AF00E64765 /* Base */ = {isa = PBXFileReference; lastKnownFileType = file.storyboard; name = Base; path = Base.lproj/Main.storyboard; sourceTree = "<group>"; };
		E7ED942B2709C5B100E64765 /* Assets.xcassets */ = {isa = PBXFileReference; lastKnownFileType = folder.assetcatalog; path = Assets.xcassets; sourceTree = "<group>"; };
		E7ED942E2709C5B100E64765 /* Base */ = {isa = PBXFileReference; lastKnownFileType = file.storyboard; name = Base; path = Base.lproj/LaunchScreen.storyboard; sourceTree = "<group>"; };
		E7ED94302709C5B100E64765 /* Info.plist */ = {isa = PBXFileReference; lastKnownFileType = text.plist.xml; path = Info.plist; sourceTree = "<group>"; };
/* End PBXFileReference section */

/* Begin PBXFrameworksBuildPhase section */
		E7ED941C2709C5AF00E64765 /* Frameworks */ = {
			isa = PBXFrameworksBuildPhase;
			buildActionMask = 2147483647;
			files = (
				C85F65F910D48AA3B34E41AD /* Pods_app_doan_xe.framework in Frameworks */,
			);
			runOnlyForDeploymentPostprocessing = 0;
		};
/* End PBXFrameworksBuildPhase section */

/* Begin PBXGroup section */
		7484DC42420EFA8ED9698FC7 /* Frameworks */ = {
			isa = PBXGroup;
			children = (
				22F4FED4FC7DC8A4BD21D2EA /* Pods_app_doan_xe.framework */,
			);
			name = Frameworks;
			sourceTree = "<group>";
		};
		C057576BBC91C6C720D24213 /* Pods */ = {
			isa = PBXGroup;
			children = (
				90B3EA4D4848631E18B46067 /* Pods-app_doan_xe.debug.xcconfig */,
				3B90D1D9EAE11DBFFD458412 /* Pods-app_doan_xe.release.xcconfig */,
			);
			path = Pods;
			sourceTree = "<group>";
		};
		E74741522718A473007FFB46 /* Services */ = {
			isa = PBXGroup;
			children = (
				E738E3FA271B5BF700FC871C /* SQLiteService.swift */,
			);
			path = Services;
			sourceTree = "<group>";
		};
		E7911846270BDF1900FBF0DA /* Font */ = {
			isa = PBXGroup;
			children = (
				E791184C270C29EE00FBF0DA /* LuckiestGuy-Regular.ttf */,
				E791184A270BE60A00FBF0DA /* Roboto-Regular.ttf */,
			);
			path = Font;
			sourceTree = "<group>";
		};
		E7911847270BDF2100FBF0DA /* Model */ = {
			isa = PBXGroup;
			children = (
				E72711422710C42D005CCD0D /* WordsModel.swift */,
			);
			path = Model;
			sourceTree = "<group>";
		};
		E7911848270BDF2700FBF0DA /* View */ = {
			isa = PBXGroup;
			children = (
				E7DFDB7B271229C400419115 /* ImageCLVCell.swift */,
				E7DFDB7C271229C400419115 /* ImageCLVCell.xib */,
				E7C491542710946A001F8929 /* AnswerCLVCell.swift */,
				E7C491552710946A001F8929 /* AnswerCLVCell.xib */,
				E7C4915027109451001F8929 /* GuessCLVCell.swift */,
				E7C4915127109451001F8929 /* GuessCLVCell.xib */,
				E72711482710D41A005CCD0D /* ChooseLevelCLVCell.swift */,
				E72711492710D41A005CCD0D /* ChooseLevelCLVCell.xib */,
				E727114C2710DCE1005CCD0D /* LevelCLVCell.swift */,
				E727114D2710DCE1005CCD0D /* LevelCLVCell.xib */,
			);
			path = View;
			sourceTree = "<group>";
		};
		E7911849270BDF2B00FBF0DA /* Controller */ = {
			isa = PBXGroup;
			children = (
				E7ED94262709C5AF00E64765 /* MainViewController.swift */,
				E728B02B271090EF00FC3E61 /* PlayViewController.swift */,
				E72711442710D08A005CCD0D /* ChooseLevelViewController.swift */,
				E72711462710D0C6005CCD0D /* LevelViewController.swift */,
			);
			path = Controller;
			sourceTree = "<group>";
		};
		E7ED94162709C5AF00E64765 = {
			isa = PBXGroup;
			children = (
				E738E3FE271B671100FC871C /* Database */,
				E74741522718A473007FFB46 /* Services */,
				E7911849270BDF2B00FBF0DA /* Controller */,
				E7911848270BDF2700FBF0DA /* View */,
				E7911847270BDF2100FBF0DA /* Model */,
				E7911846270BDF1900FBF0DA /* Font */,
				E7ED94212709C5AF00E64765 /* app_doan_xe */,
				E7ED94202709C5AF00E64765 /* Products */,
				C057576BBC91C6C720D24213 /* Pods */,
				7484DC42420EFA8ED9698FC7 /* Frameworks */,
			);
			sourceTree = "<group>";
		};
		E7ED94202709C5AF00E64765 /* Products */ = {
			isa = PBXGroup;
			children = (
				E7ED941F2709C5AF00E64765 /* app_doan_xe.app */,
			);
			name = Products;
			sourceTree = "<group>";
		};
		E7ED94212709C5AF00E64765 /* app_doan_xe */ = {
			isa = PBXGroup;
			children = (
				E7ED94222709C5AF00E64765 /* AppDelegate.swift */,
				E7ED94242709C5AF00E64765 /* SceneDelegate.swift */,
				E7ED94282709C5AF00E64765 /* Main.storyboard */,
				E7ED942B2709C5B100E64765 /* Assets.xcassets */,
				E7ED942D2709C5B100E64765 /* LaunchScreen.storyboard */,
				E7ED94302709C5B100E64765 /* Info.plist */,
			);
			path = app_doan_xe;
			sourceTree = "<group>";
		};
/* End PBXGroup section */

/* Begin PBXNativeTarget section */
		E7ED941E2709C5AF00E64765 /* app_doan_xe */ = {
			isa = PBXNativeTarget;
			buildConfigurationList = E7ED94332709C5B100E64765 /* Build configuration list for PBXNativeTarget "app_doan_xe" */;
			buildPhases = (
				7C126371063C98510AF7ECFB /* [CP] Check Pods Manifest.lock */,
				E7ED941B2709C5AF00E64765 /* Sources */,
				E7ED941C2709C5AF00E64765 /* Frameworks */,
				E7ED941D2709C5AF00E64765 /* Resources */,
			);
			buildRules = (
			);
			dependencies = (
			);
			name = app_doan_xe;
			productName = app_doan_xe;
			productReference = E7ED941F2709C5AF00E64765 /* app_doan_xe.app */;
			productType = "com.apple.product-type.application";
		};
/* End PBXNativeTarget section */

/* Begin PBXProject section */
		E7ED94172709C5AF00E64765 /* Project object */ = {
			isa = PBXProject;
			attributes = {
				BuildIndependentTargetsInParallel = 1;
				LastSwiftUpdateCheck = 1300;
				LastUpgradeCheck = 1300;
				TargetAttributes = {
					E7ED941E2709C5AF00E64765 = {
						CreatedOnToolsVersion = 13.0;
					};
				};
			};
			buildConfigurationList = E7ED941A2709C5AF00E64765 /* Build configuration list for PBXProject "app_doan_xe" */;
			compatibilityVersion = "Xcode 13.0";
			developmentRegion = en;
			hasScannedForEncodings = 0;
			knownRegions = (
				en,
				Base,
			);
			mainGroup = E7ED94162709C5AF00E64765;
			productRefGroup = E7ED94202709C5AF00E64765 /* Products */;
			projectDirPath = "";
			projectRoot = "";
			targets = (
				E7ED941E2709C5AF00E64765 /* app_doan_xe */,
			);
		};
/* End PBXProject section */

/* Begin PBXResourcesBuildPhase section */
		E7ED941D2709C5AF00E64765 /* Resources */ = {
			isa = PBXResourcesBuildPhase;
			buildActionMask = 2147483647;
			files = (
				E7C491572710946A001F8929 /* AnswerCLVCell.xib in Resources */,
				E727114F2710DCE1005CCD0D /* LevelCLVCell.xib in Resources */,
				E7C4915327109451001F8929 /* GuessCLVCell.xib in Resources */,
				E7ED942F2709C5B100E64765 /* LaunchScreen.storyboard in Resources */,
				E7ED942C2709C5B100E64765 /* Assets.xcassets in Resources */,
				E738E3FF271B671200FC871C /* Database in Resources */,
				E727114B2710D41A005CCD0D /* ChooseLevelCLVCell.xib in Resources */,
				E7ED942A2709C5AF00E64765 /* Main.storyboard in Resources */,
				E791184B270BE60A00FBF0DA /* Roboto-Regular.ttf in Resources */,
				E7DFDB7E271229C500419115 /* ImageCLVCell.xib in Resources */,
			);
			runOnlyForDeploymentPostprocessing = 0;
		};
/* End PBXResourcesBuildPhase section */

/* Begin PBXShellScriptBuildPhase section */
		7C126371063C98510AF7ECFB /* [CP] Check Pods Manifest.lock */ = {
			isa = PBXShellScriptBuildPhase;
			buildActionMask = 2147483647;
			files = (
			);
			inputFileListPaths = (
			);
			inputPaths = (
				"${PODS_PODFILE_DIR_PATH}/Podfile.lock",
				"${PODS_ROOT}/Manifest.lock",
			);
			name = "[CP] Check Pods Manifest.lock";
			outputFileListPaths = (
			);
			outputPaths = (
				"$(DERIVED_FILE_DIR)/Pods-app_doan_xe-checkManifestLockResult.txt",
			);
			runOnlyForDeploymentPostprocessing = 0;
			shellPath = /bin/sh;
			shellScript = "diff \"${PODS_PODFILE_DIR_PATH}/Podfile.lock\" \"${PODS_ROOT}/Manifest.lock\" > /dev/null\nif [ $? != 0 ] ; then\n    # print error to STDERR\n    echo \"error: The sandbox is not in sync with the Podfile.lock. Run 'pod install' or update your CocoaPods installation.\" >&2\n    exit 1\nfi\n# This output is used by Xcode 'outputs' to avoid re-running this script phase.\necho \"SUCCESS\" > \"${SCRIPT_OUTPUT_FILE_0}\"\n";
			showEnvVarsInLog = 0;
		};
/* End PBXShellScriptBuildPhase section */

/* Begin PBXSourcesBuildPhase section */
		E7ED941B2709C5AF00E64765 /* Sources */ = {
			isa = PBXSourcesBuildPhase;
			buildActionMask = 2147483647;
			files = (
				E7C491562710946A001F8929 /* AnswerCLVCell.swift in Sources */,
				E72711472710D0C6005CCD0D /* LevelViewController.swift in Sources */,
				E727114E2710DCE1005CCD0D /* LevelCLVCell.swift in Sources */,
				E7ED94272709C5AF00E64765 /* MainViewController.swift in Sources */,
				E72711452710D08A005CCD0D /* ChooseLevelViewController.swift in Sources */,
				E728B02C271090EF00FC3E61 /* PlayViewController.swift in Sources */,
				E7C4915227109451001F8929 /* GuessCLVCell.swift in Sources */,
				E7ED94232709C5AF00E64765 /* AppDelegate.swift in Sources */,
				E738E3FB271B5BF700FC871C /* SQLiteService.swift in Sources */,
				E72711432710C42D005CCD0D /* WordsModel.swift in Sources */,
				E7DFDB7D271229C400419115 /* ImageCLVCell.swift in Sources */,
				E7ED94252709C5AF00E64765 /* SceneDelegate.swift in Sources */,
				E727114A2710D41A005CCD0D /* ChooseLevelCLVCell.swift in Sources */,
			);
			runOnlyForDeploymentPostprocessing = 0;
		};
/* End PBXSourcesBuildPhase section */

/* Begin PBXVariantGroup section */
		E7ED94282709C5AF00E64765 /* Main.storyboard */ = {
			isa = PBXVariantGroup;
			children = (
				E7ED94292709C5AF00E64765 /* Base */,
			);
			name = Main.storyboard;
			sourceTree = "<group>";
		};
		E7ED942D2709C5B100E64765 /* LaunchScreen.storyboard */ = {
			isa = PBXVariantGroup;
			children = (
				E7ED942E2709C5B100E64765 /* Base */,
			);
			name = LaunchScreen.storyboard;
			sourceTree = "<group>";
		};
/* End PBXVariantGroup section */

/* Begin XCBuildConfiguration section */
		E7ED94312709C5B100E64765 /* Debug */ = {
			isa = XCBuildConfiguration;
			buildSettings = {
				ALWAYS_SEARCH_USER_PATHS = NO;
				CLANG_ANALYZER_NONNULL = YES;
				CLANG_ANALYZER_NUMBER_OBJECT_CONVERSION = YES_AGGRESSIVE;
				CLANG_CXX_LANGUAGE_STANDARD = "gnu++17";
				CLANG_CXX_LIBRARY = "libc++";
				CLANG_ENABLE_MODULES = YES;
				CLANG_ENABLE_OBJC_ARC = YES;
				CLANG_ENABLE_OBJC_WEAK = YES;
				CLANG_WARN_BLOCK_CAPTURE_AUTORELEASING = YES;
				CLANG_WARN_BOOL_CONVERSION = YES;
				CLANG_WARN_COMMA = YES;
				CLANG_WARN_CONSTANT_CONVERSION = YES;
				CLANG_WARN_DEPRECATED_OBJC_IMPLEMENTATIONS = YES;
				CLANG_WARN_DIRECT_OBJC_ISA_USAGE = YES_ERROR;
				CLANG_WARN_DOCUMENTATION_COMMENTS = YES;
				CLANG_WARN_EMPTY_BODY = YES;
				CLANG_WARN_ENUM_CONVERSION = YES;
				CLANG_WARN_INFINITE_RECURSION = YES;
				CLANG_WARN_INT_CONVERSION = YES;
				CLANG_WARN_NON_LITERAL_NULL_CONVERSION = YES;
				CLANG_WARN_OBJC_IMPLICIT_RETAIN_SELF = YES;
				CLANG_WARN_OBJC_LITERAL_CONVERSION = YES;
				CLANG_WARN_OBJC_ROOT_CLASS = YES_ERROR;
				CLANG_WARN_QUOTED_INCLUDE_IN_FRAMEWORK_HEADER = YES;
				CLANG_WARN_RANGE_LOOP_ANALYSIS = YES;
				CLANG_WARN_STRICT_PROTOTYPES = YES;
				CLANG_WARN_SUSPICIOUS_MOVE = YES;
				CLANG_WARN_UNGUARDED_AVAILABILITY = YES_AGGRESSIVE;
				CLANG_WARN_UNREACHABLE_CODE = YES;
				CLANG_WARN__DUPLICATE_METHOD_MATCH = YES;
				COPY_PHASE_STRIP = NO;
				DEBUG_INFORMATION_FORMAT = dwarf;
				ENABLE_STRICT_OBJC_MSGSEND = YES;
				ENABLE_TESTABILITY = YES;
				GCC_C_LANGUAGE_STANDARD = gnu11;
				GCC_DYNAMIC_NO_PIC = NO;
				GCC_NO_COMMON_BLOCKS = YES;
				GCC_OPTIMIZATION_LEVEL = 0;
				GCC_PREPROCESSOR_DEFINITIONS = (
					"DEBUG=1",
					"$(inherited)",
				);
				GCC_WARN_64_TO_32_BIT_CONVERSION = YES;
				GCC_WARN_ABOUT_RETURN_TYPE = YES_ERROR;
				GCC_WARN_UNDECLARED_SELECTOR = YES;
				GCC_WARN_UNINITIALIZED_AUTOS = YES_AGGRESSIVE;
				GCC_WARN_UNUSED_FUNCTION = YES;
				GCC_WARN_UNUSED_VARIABLE = YES;
				IPHONEOS_DEPLOYMENT_TARGET = 15.0;
				MTL_ENABLE_DEBUG_INFO = INCLUDE_SOURCE;
				MTL_FAST_MATH = YES;
				ONLY_ACTIVE_ARCH = YES;
				SDKROOT = iphoneos;
				SWIFT_ACTIVE_COMPILATION_CONDITIONS = DEBUG;
				SWIFT_OPTIMIZATION_LEVEL = "-Onone";
			};
			name = Debug;
		};
		E7ED94322709C5B100E64765 /* Release */ = {
			isa = XCBuildConfiguration;
			buildSettings = {
				ALWAYS_SEARCH_USER_PATHS = NO;
				CLANG_ANALYZER_NONNULL = YES;
				CLANG_ANALYZER_NUMBER_OBJECT_CONVERSION = YES_AGGRESSIVE;
				CLANG_CXX_LANGUAGE_STANDARD = "gnu++17";
				CLANG_CXX_LIBRARY = "libc++";
				CLANG_ENABLE_MODULES = YES;
				CLANG_ENABLE_OBJC_ARC = YES;
				CLANG_ENABLE_OBJC_WEAK = YES;
				CLANG_WARN_BLOCK_CAPTURE_AUTORELEASING = YES;
				CLANG_WARN_BOOL_CONVERSION = YES;
				CLANG_WARN_COMMA = YES;
				CLANG_WARN_CONSTANT_CONVERSION = YES;
				CLANG_WARN_DEPRECATED_OBJC_IMPLEMENTATIONS = YES;
				CLANG_WARN_DIRECT_OBJC_ISA_USAGE = YES_ERROR;
				CLANG_WARN_DOCUMENTATION_COMMENTS = YES;
				CLANG_WARN_EMPTY_BODY = YES;
				CLANG_WARN_ENUM_CONVERSION = YES;
				CLANG_WARN_INFINITE_RECURSION = YES;
				CLANG_WARN_INT_CONVERSION = YES;
				CLANG_WARN_NON_LITERAL_NULL_CONVERSION = YES;
				CLANG_WARN_OBJC_IMPLICIT_RETAIN_SELF = YES;
				CLANG_WARN_OBJC_LITERAL_CONVERSION = YES;
				CLANG_WARN_OBJC_ROOT_CLASS = YES_ERROR;
				CLANG_WARN_QUOTED_INCLUDE_IN_FRAMEWORK_HEADER = YES;
				CLANG_WARN_RANGE_LOOP_ANALYSIS = YES;
				CLANG_WARN_STRICT_PROTOTYPES = YES;
				CLANG_WARN_SUSPICIOUS_MOVE = YES;
				CLANG_WARN_UNGUARDED_AVAILABILITY = YES_AGGRESSIVE;
				CLANG_WARN_UNREACHABLE_CODE = YES;
				CLANG_WARN__DUPLICATE_METHOD_MATCH = YES;
				COPY_PHASE_STRIP = NO;
				DEBUG_INFORMATION_FORMAT = "dwarf-with-dsym";
				ENABLE_NS_ASSERTIONS = NO;
				ENABLE_STRICT_OBJC_MSGSEND = YES;
				GCC_C_LANGUAGE_STANDARD = gnu11;
				GCC_NO_COMMON_BLOCKS = YES;
				GCC_WARN_64_TO_32_BIT_CONVERSION = YES;
				GCC_WARN_ABOUT_RETURN_TYPE = YES_ERROR;
				GCC_WARN_UNDECLARED_SELECTOR = YES;
				GCC_WARN_UNINITIALIZED_AUTOS = YES_AGGRESSIVE;
				GCC_WARN_UNUSED_FUNCTION = YES;
				GCC_WARN_UNUSED_VARIABLE = YES;
				IPHONEOS_DEPLOYMENT_TARGET = 15.0;
				MTL_ENABLE_DEBUG_INFO = NO;
				MTL_FAST_MATH = YES;
				SDKROOT = iphoneos;
				SWIFT_COMPILATION_MODE = wholemodule;
				SWIFT_OPTIMIZATION_LEVEL = "-O";
				VALIDATE_PRODUCT = YES;
			};
			name = Release;
		};
		E7ED94342709C5B100E64765 /* Debug */ = {
			isa = XCBuildConfiguration;
			baseConfigurationReference = 90B3EA4D4848631E18B46067 /* Pods-app_doan_xe.debug.xcconfig */;
			buildSettings = {
				ASSETCATALOG_COMPILER_APPICON_NAME = AppIcon;
				ASSETCATALOG_COMPILER_GLOBAL_ACCENT_COLOR_NAME = AccentColor;
				CODE_SIGN_STYLE = Automatic;
				CURRENT_PROJECT_VERSION = 1;
				GENERATE_INFOPLIST_FILE = YES;
				INFOPLIST_FILE = app_doan_xe/Info.plist;
				INFOPLIST_KEY_UIApplicationSupportsIndirectInputEvents = YES;
				INFOPLIST_KEY_UILaunchStoryboardName = LaunchScreen;
				INFOPLIST_KEY_UIMainStoryboardFile = Main;
				INFOPLIST_KEY_UISupportedInterfaceOrientations_iPad = "UIInterfaceOrientationPortrait UIInterfaceOrientationPortraitUpsideDown UIInterfaceOrientationLandscapeLeft UIInterfaceOrientationLandscapeRight";
				INFOPLIST_KEY_UISupportedInterfaceOrientations_iPhone = "UIInterfaceOrientationPortrait UIInterfaceOrientationLandscapeLeft UIInterfaceOrientationLandscapeRight";
				LD_RUNPATH_SEARCH_PATHS = (
					"$(inherited)",
					"@executable_path/Frameworks",
				);
				MARKETING_VERSION = 1.0;
				PRODUCT_BUNDLE_IDENTIFIER = "Devsenior.app-doan-xe";
				PRODUCT_NAME = "$(TARGET_NAME)";
				SWIFT_EMIT_LOC_STRINGS = YES;
				SWIFT_VERSION = 5.0;
				TARGETED_DEVICE_FAMILY = "1,2";
			};
			name = Debug;
		};
		E7ED94352709C5B100E64765 /* Release */ = {
			isa = XCBuildConfiguration;
			baseConfigurationReference = 3B90D1D9EAE11DBFFD458412 /* Pods-app_doan_xe.release.xcconfig */;
			buildSettings = {
				ASSETCATALOG_COMPILER_APPICON_NAME = AppIcon;
				ASSETCATALOG_COMPILER_GLOBAL_ACCENT_COLOR_NAME = AccentColor;
				CODE_SIGN_STYLE = Automatic;
				CURRENT_PROJECT_VERSION = 1;
				GENERATE_INFOPLIST_FILE = YES;
				INFOPLIST_FILE = app_doan_xe/Info.plist;
				INFOPLIST_KEY_UIApplicationSupportsIndirectInputEvents = YES;
				INFOPLIST_KEY_UILaunchStoryboardName = LaunchScreen;
				INFOPLIST_KEY_UIMainStoryboardFile = Main;
				INFOPLIST_KEY_UISupportedInterfaceOrientations_iPad = "UIInterfaceOrientationPortrait UIInterfaceOrientationPortraitUpsideDown UIInterfaceOrientationLandscapeLeft UIInterfaceOrientationLandscapeRight";
				INFOPLIST_KEY_UISupportedInterfaceOrientations_iPhone = "UIInterfaceOrientationPortrait UIInterfaceOrientationLandscapeLeft UIInterfaceOrientationLandscapeRight";
				LD_RUNPATH_SEARCH_PATHS = (
					"$(inherited)",
					"@executable_path/Frameworks",
				);
				MARKETING_VERSION = 1.0;
				PRODUCT_BUNDLE_IDENTIFIER = "Devsenior.app-doan-xe";
				PRODUCT_NAME = "$(TARGET_NAME)";
				SWIFT_EMIT_LOC_STRINGS = YES;
				SWIFT_VERSION = 5.0;
				TARGETED_DEVICE_FAMILY = "1,2";
			};
			name = Release;
		};
/* End XCBuildConfiguration section */

/* Begin XCConfigurationList section */
		E7ED941A2709C5AF00E64765 /* Build configuration list for PBXProject "app_doan_xe" */ = {
			isa = XCConfigurationList;
			buildConfigurations = (
				E7ED94312709C5B100E64765 /* Debug */,
				E7ED94322709C5B100E64765 /* Release */,
			);
			defaultConfigurationIsVisible = 0;
			defaultConfigurationName = Release;
		};
		E7ED94332709C5B100E64765 /* Build configuration list for PBXNativeTarget "app_doan_xe" */ = {
			isa = XCConfigurationList;
			buildConfigurations = (
				E7ED94342709C5B100E64765 /* Debug */,
				E7ED94352709C5B100E64765 /* Release */,
			);
			defaultConfigurationIsVisible = 0;
			defaultConfigurationName = Release;
		};
/* End XCConfigurationList section */
	};
	rootObject = E7ED94172709C5AF00E64765 /* Project object */;
}
