// !$*UTF8*$!
{
	archiveVersion = 1;
	classes = {
	};
	objectVersion = 55;
	objects = {

/* Begin PBXBuildFile section */
		80DEB820198BDB117B46CDB7 /* Pods_app_doan_xe.framework in Frameworks */ = {isa = PBXBuildFile; fileRef = B8350440E24CB3477D858B57 /* Pods_app_doan_xe.framework */; };
		E704382627B55428001B9D9A /* AnswerWhiteSpaceCLVCell.swift in Sources */ = {isa = PBXBuildFile; fileRef = E704382427B55428001B9D9A /* AnswerWhiteSpaceCLVCell.swift */; };
		E704382727B55428001B9D9A /* AnswerWhiteSpaceCLVCell.xib in Resources */ = {isa = PBXBuildFile; fileRef = E704382527B55428001B9D9A /* AnswerWhiteSpaceCLVCell.xib */; };
		E716C58727397F1000E157CE /* Words.sqlite in Resources */ = {isa = PBXBuildFile; fileRef = E716C58627397F1000E157CE /* Words.sqlite */; };
		E720D23F273C59940035CC67 /* Roboto-Medium.ttf in Resources */ = {isa = PBXBuildFile; fileRef = E720D23E273C59940035CC67 /* Roboto-Medium.ttf */; };
		E7235DF1271C9481008F18B1 /* AppDelegate.swift in Sources */ = {isa = PBXBuildFile; fileRef = E7235DF0271C9481008F18B1 /* AppDelegate.swift */; };
		E7235DF3271C9481008F18B1 /* SceneDelegate.swift in Sources */ = {isa = PBXBuildFile; fileRef = E7235DF2271C9481008F18B1 /* SceneDelegate.swift */; };
		E7235DF8271C9481008F18B1 /* Main.storyboard in Resources */ = {isa = PBXBuildFile; fileRef = E7235DF6271C9481008F18B1 /* Main.storyboard */; };
		E7235DFA271C9482008F18B1 /* Assets.xcassets in Resources */ = {isa = PBXBuildFile; fileRef = E7235DF9271C9482008F18B1 /* Assets.xcassets */; };
		E7235DFD271C9482008F18B1 /* LaunchScreen.storyboard in Resources */ = {isa = PBXBuildFile; fileRef = E7235DFB271C9482008F18B1 /* LaunchScreen.storyboard */; };
		E7235E14271CA464008F18B1 /* PlayViewController.swift in Sources */ = {isa = PBXBuildFile; fileRef = E7235E13271CA464008F18B1 /* PlayViewController.swift */; };
		E7235E16271CA4BE008F18B1 /* ChooseLevelViewController.swift in Sources */ = {isa = PBXBuildFile; fileRef = E7235E15271CA4BE008F18B1 /* ChooseLevelViewController.swift */; };
		E7235E18271CA4C2008F18B1 /* ChooseQuestionViewController.swift in Sources */ = {isa = PBXBuildFile; fileRef = E7235E17271CA4C1008F18B1 /* ChooseQuestionViewController.swift */; };
		E7235E1A271CA4C5008F18B1 /* MainViewController.swift in Sources */ = {isa = PBXBuildFile; fileRef = E7235E19271CA4C5008F18B1 /* MainViewController.swift */; };
		E7235E20271CA5DA008F18B1 /* WordsModel.swift in Sources */ = {isa = PBXBuildFile; fileRef = E7235E1F271CA5DA008F18B1 /* WordsModel.swift */; };
		E7235E2B271CA5EF008F18B1 /* ImagePlayCLVCell.xib in Resources */ = {isa = PBXBuildFile; fileRef = E7235E21271CA5EE008F18B1 /* ImagePlayCLVCell.xib */; };
		E7235E2C271CA5EF008F18B1 /* ChooseQuestionCLVCell.swift in Sources */ = {isa = PBXBuildFile; fileRef = E7235E22271CA5EE008F18B1 /* ChooseQuestionCLVCell.swift */; };
		E7235E2D271CA5EF008F18B1 /* GuessCLVCell.swift in Sources */ = {isa = PBXBuildFile; fileRef = E7235E23271CA5EE008F18B1 /* GuessCLVCell.swift */; };
		E7235E2E271CA5EF008F18B1 /* ChooseLevelCLVCell.swift in Sources */ = {isa = PBXBuildFile; fileRef = E7235E24271CA5EE008F18B1 /* ChooseLevelCLVCell.swift */; };
		E7235E2F271CA5EF008F18B1 /* ChooseQuestionCLVCell.xib in Resources */ = {isa = PBXBuildFile; fileRef = E7235E25271CA5EE008F18B1 /* ChooseQuestionCLVCell.xib */; };
		E7235E30271CA5EF008F18B1 /* GuessCLVCell.xib in Resources */ = {isa = PBXBuildFile; fileRef = E7235E26271CA5EE008F18B1 /* GuessCLVCell.xib */; };
		E7235E31271CA5EF008F18B1 /* AnswerCLVCell.swift in Sources */ = {isa = PBXBuildFile; fileRef = E7235E27271CA5EF008F18B1 /* AnswerCLVCell.swift */; };
		E7235E32271CA5EF008F18B1 /* ChooseLevelCLVCell.xib in Resources */ = {isa = PBXBuildFile; fileRef = E7235E28271CA5EF008F18B1 /* ChooseLevelCLVCell.xib */; };
		E7235E33271CA5EF008F18B1 /* ImagePlayCLVCell.swift in Sources */ = {isa = PBXBuildFile; fileRef = E7235E29271CA5EF008F18B1 /* ImagePlayCLVCell.swift */; };
		E7235E34271CA5EF008F18B1 /* AnswerCLVCell.xib in Resources */ = {isa = PBXBuildFile; fileRef = E7235E2A271CA5EF008F18B1 /* AnswerCLVCell.xib */; };
		E7235E42271CA66B008F18B1 /* Roboto-Regular.ttf in Resources */ = {isa = PBXBuildFile; fileRef = E7235E40271CA66B008F18B1 /* Roboto-Regular.ttf */; };
		E7235E43271CA66B008F18B1 /* LuckiestGuy-Regular.ttf in Resources */ = {isa = PBXBuildFile; fileRef = E7235E41271CA66B008F18B1 /* LuckiestGuy-Regular.ttf */; };
		E747673D27B56AD6006B8644 /* Roboto-Bold.ttf in Resources */ = {isa = PBXBuildFile; fileRef = E747673C27B56AD6006B8644 /* Roboto-Bold.ttf */; };
		E74E9541279C6673003DD948 /* CorrectViewController.swift in Sources */ = {isa = PBXBuildFile; fileRef = E74E9540279C6673003DD948 /* CorrectViewController.swift */; };
		E777AD00277BA12700C878A1 /* SQLiteService.swift in Sources */ = {isa = PBXBuildFile; fileRef = E777ACFF277BA12700C878A1 /* SQLiteService.swift */; };
		E785B39F271DEF1A00C0E561 /* LetterModel.swift in Sources */ = {isa = PBXBuildFile; fileRef = E785B39E271DEF1A00C0E561 /* LetterModel.swift */; };
		E7C17D7B277BA95100521F72 /* click.ogg in Resources */ = {isa = PBXBuildFile; fileRef = E7C17D73277BA95100521F72 /* click.ogg */; };
		E7C17D7C277BA95100521F72 /* correct.ogg in Resources */ = {isa = PBXBuildFile; fileRef = E7C17D74277BA95100521F72 /* correct.ogg */; };
		E7C17D7D277BA95100521F72 /* error_2.ogg in Resources */ = {isa = PBXBuildFile; fileRef = E7C17D75277BA95100521F72 /* error_2.ogg */; };
		E7C17D7E277BA95100521F72 /* error_e_oh.ogg in Resources */ = {isa = PBXBuildFile; fileRef = E7C17D76277BA95100521F72 /* error_e_oh.ogg */; };
		E7C17D7F277BA95100521F72 /* correct_2.ogg in Resources */ = {isa = PBXBuildFile; fileRef = E7C17D77277BA95100521F72 /* correct_2.ogg */; };
		E7C17D80277BA95100521F72 /* almost.ogg in Resources */ = {isa = PBXBuildFile; fileRef = E7C17D78277BA95100521F72 /* almost.ogg */; };
		E7C17D81277BA95100521F72 /* button_2.ogg in Resources */ = {isa = PBXBuildFile; fileRef = E7C17D79277BA95100521F72 /* button_2.ogg */; };
		E7C17D82277BA95100521F72 /* alert.mp3 in Resources */ = {isa = PBXBuildFile; fileRef = E7C17D7A277BA95100521F72 /* alert.mp3 */; };
/* End PBXBuildFile section */

/* Begin PBXFileReference section */
		15B506D8E592FAAF8BEBD8D2 /* Pods-app_doan_xe.release.xcconfig */ = {isa = PBXFileReference; includeInIndex = 1; lastKnownFileType = text.xcconfig; name = "Pods-app_doan_xe.release.xcconfig"; path = "Target Support Files/Pods-app_doan_xe/Pods-app_doan_xe.release.xcconfig"; sourceTree = "<group>"; };
		B8350440E24CB3477D858B57 /* Pods_app_doan_xe.framework */ = {isa = PBXFileReference; explicitFileType = wrapper.framework; includeInIndex = 0; path = Pods_app_doan_xe.framework; sourceTree = BUILT_PRODUCTS_DIR; };
		BD8C5872D10A514ECC10854E /* Pods-app_doan_xe.debug.xcconfig */ = {isa = PBXFileReference; includeInIndex = 1; lastKnownFileType = text.xcconfig; name = "Pods-app_doan_xe.debug.xcconfig"; path = "Target Support Files/Pods-app_doan_xe/Pods-app_doan_xe.debug.xcconfig"; sourceTree = "<group>"; };
		E704382427B55428001B9D9A /* AnswerWhiteSpaceCLVCell.swift */ = {isa = PBXFileReference; lastKnownFileType = sourcecode.swift; path = AnswerWhiteSpaceCLVCell.swift; sourceTree = "<group>"; };
		E704382527B55428001B9D9A /* AnswerWhiteSpaceCLVCell.xib */ = {isa = PBXFileReference; lastKnownFileType = file.xib; path = AnswerWhiteSpaceCLVCell.xib; sourceTree = "<group>"; };
		E716C58627397F1000E157CE /* Words.sqlite */ = {isa = PBXFileReference; lastKnownFileType = file; name = Words.sqlite; path = data/Words.sqlite; sourceTree = "<group>"; };
		E720D23E273C59940035CC67 /* Roboto-Medium.ttf */ = {isa = PBXFileReference; lastKnownFileType = file; path = "Roboto-Medium.ttf"; sourceTree = "<group>"; };
		E7235DED271C9481008F18B1 /* app_doan_xe.app */ = {isa = PBXFileReference; explicitFileType = wrapper.application; includeInIndex = 0; path = app_doan_xe.app; sourceTree = BUILT_PRODUCTS_DIR; };
		E7235DF0271C9481008F18B1 /* AppDelegate.swift */ = {isa = PBXFileReference; lastKnownFileType = sourcecode.swift; path = AppDelegate.swift; sourceTree = "<group>"; };
		E7235DF2271C9481008F18B1 /* SceneDelegate.swift */ = {isa = PBXFileReference; lastKnownFileType = sourcecode.swift; path = SceneDelegate.swift; sourceTree = "<group>"; };
		E7235DF7271C9481008F18B1 /* Base */ = {isa = PBXFileReference; lastKnownFileType = file.storyboard; name = Base; path = Base.lproj/Main.storyboard; sourceTree = "<group>"; };
		E7235DF9271C9482008F18B1 /* Assets.xcassets */ = {isa = PBXFileReference; lastKnownFileType = folder.assetcatalog; path = Assets.xcassets; sourceTree = "<group>"; };
		E7235DFC271C9482008F18B1 /* Base */ = {isa = PBXFileReference; lastKnownFileType = file.storyboard; name = Base; path = Base.lproj/LaunchScreen.storyboard; sourceTree = "<group>"; };
		E7235DFE271C9482008F18B1 /* Info.plist */ = {isa = PBXFileReference; lastKnownFileType = text.plist.xml; path = Info.plist; sourceTree = "<group>"; };
		E7235E13271CA464008F18B1 /* PlayViewController.swift */ = {isa = PBXFileReference; lastKnownFileType = sourcecode.swift; path = PlayViewController.swift; sourceTree = "<group>"; };
		E7235E15271CA4BE008F18B1 /* ChooseLevelViewController.swift */ = {isa = PBXFileReference; lastKnownFileType = sourcecode.swift; path = ChooseLevelViewController.swift; sourceTree = "<group>"; };
		E7235E17271CA4C1008F18B1 /* ChooseQuestionViewController.swift */ = {isa = PBXFileReference; lastKnownFileType = sourcecode.swift; path = ChooseQuestionViewController.swift; sourceTree = "<group>"; };
		E7235E19271CA4C5008F18B1 /* MainViewController.swift */ = {isa = PBXFileReference; lastKnownFileType = sourcecode.swift; path = MainViewController.swift; sourceTree = "<group>"; };
		E7235E1F271CA5DA008F18B1 /* WordsModel.swift */ = {isa = PBXFileReference; fileEncoding = 4; lastKnownFileType = sourcecode.swift; path = WordsModel.swift; sourceTree = "<group>"; };
		E7235E21271CA5EE008F18B1 /* ImagePlayCLVCell.xib */ = {isa = PBXFileReference; fileEncoding = 4; lastKnownFileType = file.xib; path = ImagePlayCLVCell.xib; sourceTree = "<group>"; };
		E7235E22271CA5EE008F18B1 /* ChooseQuestionCLVCell.swift */ = {isa = PBXFileReference; fileEncoding = 4; lastKnownFileType = sourcecode.swift; path = ChooseQuestionCLVCell.swift; sourceTree = "<group>"; };
		E7235E23271CA5EE008F18B1 /* GuessCLVCell.swift */ = {isa = PBXFileReference; fileEncoding = 4; lastKnownFileType = sourcecode.swift; path = GuessCLVCell.swift; sourceTree = "<group>"; };
		E7235E24271CA5EE008F18B1 /* ChooseLevelCLVCell.swift */ = {isa = PBXFileReference; fileEncoding = 4; lastKnownFileType = sourcecode.swift; path = ChooseLevelCLVCell.swift; sourceTree = "<group>"; };
		E7235E25271CA5EE008F18B1 /* ChooseQuestionCLVCell.xib */ = {isa = PBXFileReference; fileEncoding = 4; lastKnownFileType = file.xib; path = ChooseQuestionCLVCell.xib; sourceTree = "<group>"; };
		E7235E26271CA5EE008F18B1 /* GuessCLVCell.xib */ = {isa = PBXFileReference; fileEncoding = 4; lastKnownFileType = file.xib; path = GuessCLVCell.xib; sourceTree = "<group>"; };
		E7235E27271CA5EF008F18B1 /* AnswerCLVCell.swift */ = {isa = PBXFileReference; fileEncoding = 4; lastKnownFileType = sourcecode.swift; path = AnswerCLVCell.swift; sourceTree = "<group>"; };
		E7235E28271CA5EF008F18B1 /* ChooseLevelCLVCell.xib */ = {isa = PBXFileReference; fileEncoding = 4; lastKnownFileType = file.xib; path = ChooseLevelCLVCell.xib; sourceTree = "<group>"; };
		E7235E29271CA5EF008F18B1 /* ImagePlayCLVCell.swift */ = {isa = PBXFileReference; fileEncoding = 4; lastKnownFileType = sourcecode.swift; path = ImagePlayCLVCell.swift; sourceTree = "<group>"; };
		E7235E2A271CA5EF008F18B1 /* AnswerCLVCell.xib */ = {isa = PBXFileReference; fileEncoding = 4; lastKnownFileType = file.xib; path = AnswerCLVCell.xib; sourceTree = "<group>"; };
		E7235E40271CA66B008F18B1 /* Roboto-Regular.ttf */ = {isa = PBXFileReference; lastKnownFileType = file; path = "Roboto-Regular.ttf"; sourceTree = "<group>"; };
		E7235E41271CA66B008F18B1 /* LuckiestGuy-Regular.ttf */ = {isa = PBXFileReference; lastKnownFileType = file; path = "LuckiestGuy-Regular.ttf"; sourceTree = "<group>"; };
		E747673C27B56AD6006B8644 /* Roboto-Bold.ttf */ = {isa = PBXFileReference; lastKnownFileType = file; path = "Roboto-Bold.ttf"; sourceTree = "<group>"; };
		E74E9540279C6673003DD948 /* CorrectViewController.swift */ = {isa = PBXFileReference; lastKnownFileType = sourcecode.swift; path = CorrectViewController.swift; sourceTree = "<group>"; };
		E777ACFF277BA12700C878A1 /* SQLiteService.swift */ = {isa = PBXFileReference; fileEncoding = 4; lastKnownFileType = sourcecode.swift; path = SQLiteService.swift; sourceTree = "<group>"; };
		E785B39E271DEF1A00C0E561 /* LetterModel.swift */ = {isa = PBXFileReference; fileEncoding = 4; lastKnownFileType = sourcecode.swift; path = LetterModel.swift; sourceTree = "<group>"; };
		E7C17D73277BA95100521F72 /* click.ogg */ = {isa = PBXFileReference; lastKnownFileType = file; name = click.ogg; path = Databases/sounds/click.ogg; sourceTree = SOURCE_ROOT; };
		E7C17D74277BA95100521F72 /* correct.ogg */ = {isa = PBXFileReference; lastKnownFileType = file; name = correct.ogg; path = Databases/sounds/correct.ogg; sourceTree = SOURCE_ROOT; };
		E7C17D75277BA95100521F72 /* error_2.ogg */ = {isa = PBXFileReference; lastKnownFileType = file; name = error_2.ogg; path = Databases/sounds/error_2.ogg; sourceTree = SOURCE_ROOT; };
		E7C17D76277BA95100521F72 /* error_e_oh.ogg */ = {isa = PBXFileReference; lastKnownFileType = file; name = error_e_oh.ogg; path = Databases/sounds/error_e_oh.ogg; sourceTree = SOURCE_ROOT; };
		E7C17D77277BA95100521F72 /* correct_2.ogg */ = {isa = PBXFileReference; lastKnownFileType = file; name = correct_2.ogg; path = Databases/sounds/correct_2.ogg; sourceTree = SOURCE_ROOT; };
		E7C17D78277BA95100521F72 /* almost.ogg */ = {isa = PBXFileReference; lastKnownFileType = file; name = almost.ogg; path = Databases/sounds/almost.ogg; sourceTree = SOURCE_ROOT; };
		E7C17D79277BA95100521F72 /* button_2.ogg */ = {isa = PBXFileReference; lastKnownFileType = file; name = button_2.ogg; path = Databases/sounds/button_2.ogg; sourceTree = SOURCE_ROOT; };
		E7C17D7A277BA95100521F72 /* alert.mp3 */ = {isa = PBXFileReference; lastKnownFileType = audio.mp3; name = alert.mp3; path = Databases/sounds/alert.mp3; sourceTree = SOURCE_ROOT; };
/* End PBXFileReference section */

/* Begin PBXFrameworksBuildPhase section */
		E7235DEA271C9481008F18B1 /* Frameworks */ = {
			isa = PBXFrameworksBuildPhase;
			buildActionMask = 2147483647;
			files = (
				80DEB820198BDB117B46CDB7 /* Pods_app_doan_xe.framework in Frameworks */,
			);
			runOnlyForDeploymentPostprocessing = 0;
		};
/* End PBXFrameworksBuildPhase section */

/* Begin PBXGroup section */
		9F046DB3C0BF9D1E1C80BB63 /* Pods */ = {
			isa = PBXGroup;
			children = (
				BD8C5872D10A514ECC10854E /* Pods-app_doan_xe.debug.xcconfig */,
				15B506D8E592FAAF8BEBD8D2 /* Pods-app_doan_xe.release.xcconfig */,
			);
			path = Pods;
			sourceTree = "<group>";
		};
		A562E69C1599269E5845A3EA /* Frameworks */ = {
			isa = PBXGroup;
			children = (
				B8350440E24CB3477D858B57 /* Pods_app_doan_xe.framework */,
			);
			name = Frameworks;
			sourceTree = "<group>";
		};
		E7235DE4271C9481008F18B1 = {
			isa = PBXGroup;
			children = (
				E7235DEF271C9481008F18B1 /* app_doan_xe */,
				E7235DEE271C9481008F18B1 /* Products */,
				9F046DB3C0BF9D1E1C80BB63 /* Pods */,
				A562E69C1599269E5845A3EA /* Frameworks */,
				E7235E38271CA621008F18B1 /* Databases */,
				E7235E3F271CA65A008F18B1 /* Fonts */,
				E7E5C3B8276CE06B0066C49B /* Sounds */,
			);
			sourceTree = "<group>";
		};
		E7235DEE271C9481008F18B1 /* Products */ = {
			isa = PBXGroup;
			children = (
				E7235DED271C9481008F18B1 /* app_doan_xe.app */,
			);
			name = Products;
			sourceTree = "<group>";
		};
		E7235DEF271C9481008F18B1 /* app_doan_xe */ = {
			isa = PBXGroup;
			children = (
				E7235DF0271C9481008F18B1 /* AppDelegate.swift */,
				E7235DF2271C9481008F18B1 /* SceneDelegate.swift */,
				E7235E1C271CA57E008F18B1 /* Models */,
				E7235E1B271CA578008F18B1 /* Views */,
				E7235E10271CA44A008F18B1 /* Controllers */,
				E7235E35271CA5FA008F18B1 /* Services */,
				E7235DF9271C9482008F18B1 /* Assets.xcassets */,
				E7235DFB271C9482008F18B1 /* LaunchScreen.storyboard */,
				E7235DFE271C9482008F18B1 /* Info.plist */,
			);
			path = app_doan_xe;
			sourceTree = "<group>";
		};
		E7235E10271CA44A008F18B1 /* Controllers */ = {
			isa = PBXGroup;
			children = (
				E7235E19271CA4C5008F18B1 /* MainViewController.swift */,
				E7235E15271CA4BE008F18B1 /* ChooseLevelViewController.swift */,
				E7235E17271CA4C1008F18B1 /* ChooseQuestionViewController.swift */,
				E7235E13271CA464008F18B1 /* PlayViewController.swift */,
				E74E9540279C6673003DD948 /* CorrectViewController.swift */,
			);
			path = Controllers;
			sourceTree = "<group>";
		};
		E7235E1B271CA578008F18B1 /* Views */ = {
			isa = PBXGroup;
			children = (
				E7235DF6271C9481008F18B1 /* Main.storyboard */,
				E7235E24271CA5EE008F18B1 /* ChooseLevelCLVCell.swift */,
				E7235E28271CA5EF008F18B1 /* ChooseLevelCLVCell.xib */,
				E7235E22271CA5EE008F18B1 /* ChooseQuestionCLVCell.swift */,
				E7235E25271CA5EE008F18B1 /* ChooseQuestionCLVCell.xib */,
				E7235E29271CA5EF008F18B1 /* ImagePlayCLVCell.swift */,
				E7235E21271CA5EE008F18B1 /* ImagePlayCLVCell.xib */,
				E7235E27271CA5EF008F18B1 /* AnswerCLVCell.swift */,
				E7235E2A271CA5EF008F18B1 /* AnswerCLVCell.xib */,
				E7235E23271CA5EE008F18B1 /* GuessCLVCell.swift */,
				E7235E26271CA5EE008F18B1 /* GuessCLVCell.xib */,
				E704382427B55428001B9D9A /* AnswerWhiteSpaceCLVCell.swift */,
				E704382527B55428001B9D9A /* AnswerWhiteSpaceCLVCell.xib */,
			);
			path = Views;
			sourceTree = "<group>";
		};
		E7235E1C271CA57E008F18B1 /* Models */ = {
			isa = PBXGroup;
			children = (
				E785B39E271DEF1A00C0E561 /* LetterModel.swift */,
				E7235E1F271CA5DA008F18B1 /* WordsModel.swift */,
			);
			path = Models;
			sourceTree = "<group>";
		};
		E7235E35271CA5FA008F18B1 /* Services */ = {
			isa = PBXGroup;
			children = (
				E777ACFF277BA12700C878A1 /* SQLiteService.swift */,
			);
			path = Services;
			sourceTree = "<group>";
		};
		E7235E38271CA621008F18B1 /* Databases */ = {
			isa = PBXGroup;
			children = (
				E716C58627397F1000E157CE /* Words.sqlite */,
			);
			path = Databases;
			sourceTree = "<group>";
		};
		E7235E3F271CA65A008F18B1 /* Fonts */ = {
			isa = PBXGroup;
			children = (
				E747673C27B56AD6006B8644 /* Roboto-Bold.ttf */,
				E720D23E273C59940035CC67 /* Roboto-Medium.ttf */,
				E7235E41271CA66B008F18B1 /* LuckiestGuy-Regular.ttf */,
				E7235E40271CA66B008F18B1 /* Roboto-Regular.ttf */,
			);
			path = Fonts;
			sourceTree = "<group>";
		};
		E7E5C3B8276CE06B0066C49B /* Sounds */ = {
			isa = PBXGroup;
			children = (
				E7C17D7A277BA95100521F72 /* alert.mp3 */,
				E7C17D78277BA95100521F72 /* almost.ogg */,
				E7C17D79277BA95100521F72 /* button_2.ogg */,
				E7C17D73277BA95100521F72 /* click.ogg */,
				E7C17D77277BA95100521F72 /* correct_2.ogg */,
				E7C17D74277BA95100521F72 /* correct.ogg */,
				E7C17D75277BA95100521F72 /* error_2.ogg */,
				E7C17D76277BA95100521F72 /* error_e_oh.ogg */,
			);
			path = Sounds;
			sourceTree = "<group>";
		};
/* End PBXGroup section */

/* Begin PBXNativeTarget section */
		E7235DEC271C9481008F18B1 /* app_doan_xe */ = {
			isa = PBXNativeTarget;
			buildConfigurationList = E7235E01271C9482008F18B1 /* Build configuration list for PBXNativeTarget "app_doan_xe" */;
			buildPhases = (
				6FF6A3ABBA079D509322C053 /* [CP] Check Pods Manifest.lock */,
				E7235DE9271C9481008F18B1 /* Sources */,
				E7235DEA271C9481008F18B1 /* Frameworks */,
				E7235DEB271C9481008F18B1 /* Resources */,
				69183AAEF2CA0496DFAC6189 /* [CP] Embed Pods Frameworks */,
			);
			buildRules = (
			);
			dependencies = (
			);
			name = app_doan_xe;
			productName = app_doan_xe;
			productReference = E7235DED271C9481008F18B1 /* app_doan_xe.app */;
			productType = "com.apple.product-type.application";
		};
/* End PBXNativeTarget section */

/* Begin PBXProject section */
		E7235DE5271C9481008F18B1 /* Project object */ = {
			isa = PBXProject;
			attributes = {
				BuildIndependentTargetsInParallel = 1;
				LastSwiftUpdateCheck = 1300;
				LastUpgradeCheck = 1300;
				TargetAttributes = {
					E7235DEC271C9481008F18B1 = {
						CreatedOnToolsVersion = 13.0;
					};
				};
			};
			buildConfigurationList = E7235DE8271C9481008F18B1 /* Build configuration list for PBXProject "app_doan_xe" */;
			compatibilityVersion = "Xcode 13.0";
			developmentRegion = en;
			hasScannedForEncodings = 0;
			knownRegions = (
				en,
				Base,
			);
			mainGroup = E7235DE4271C9481008F18B1;
			productRefGroup = E7235DEE271C9481008F18B1 /* Products */;
			projectDirPath = "";
			projectRoot = "";
			targets = (
				E7235DEC271C9481008F18B1 /* app_doan_xe */,
			);
		};
/* End PBXProject section */

/* Begin PBXResourcesBuildPhase section */
		E7235DEB271C9481008F18B1 /* Resources */ = {
			isa = PBXResourcesBuildPhase;
			buildActionMask = 2147483647;
			files = (
				E7C17D7B277BA95100521F72 /* click.ogg in Resources */,
				E7235DFD271C9482008F18B1 /* LaunchScreen.storyboard in Resources */,
				E7235E30271CA5EF008F18B1 /* GuessCLVCell.xib in Resources */,
				E7C17D7F277BA95100521F72 /* correct_2.ogg in Resources */,
				E747673D27B56AD6006B8644 /* Roboto-Bold.ttf in Resources */,
				E7235E2B271CA5EF008F18B1 /* ImagePlayCLVCell.xib in Resources */,
				E7C17D80277BA95100521F72 /* almost.ogg in Resources */,
				E7235E43271CA66B008F18B1 /* LuckiestGuy-Regular.ttf in Resources */,
				E704382727B55428001B9D9A /* AnswerWhiteSpaceCLVCell.xib in Resources */,
				E716C58727397F1000E157CE /* Words.sqlite in Resources */,
				E7235E42271CA66B008F18B1 /* Roboto-Regular.ttf in Resources */,
				E7235DFA271C9482008F18B1 /* Assets.xcassets in Resources */,
				E7235E32271CA5EF008F18B1 /* ChooseLevelCLVCell.xib in Resources */,
				E720D23F273C59940035CC67 /* Roboto-Medium.ttf in Resources */,
				E7C17D7D277BA95100521F72 /* error_2.ogg in Resources */,
				E7C17D7C277BA95100521F72 /* correct.ogg in Resources */,
				E7235DF8271C9481008F18B1 /* Main.storyboard in Resources */,
				E7C17D82277BA95100521F72 /* alert.mp3 in Resources */,
				E7C17D7E277BA95100521F72 /* error_e_oh.ogg in Resources */,
				E7235E2F271CA5EF008F18B1 /* ChooseQuestionCLVCell.xib in Resources */,
				E7235E34271CA5EF008F18B1 /* AnswerCLVCell.xib in Resources */,
				E7C17D81277BA95100521F72 /* button_2.ogg in Resources */,
			);
			runOnlyForDeploymentPostprocessing = 0;
		};
/* End PBXResourcesBuildPhase section */

/* Begin PBXShellScriptBuildPhase section */
		69183AAEF2CA0496DFAC6189 /* [CP] Embed Pods Frameworks */ = {
			isa = PBXShellScriptBuildPhase;
			buildActionMask = 2147483647;
			files = (
			);
			inputFileListPaths = (
				"${PODS_ROOT}/Target Support Files/Pods-app_doan_xe/Pods-app_doan_xe-frameworks-${CONFIGURATION}-input-files.xcfilelist",
			);
			name = "[CP] Embed Pods Frameworks";
			outputFileListPaths = (
				"${PODS_ROOT}/Target Support Files/Pods-app_doan_xe/Pods-app_doan_xe-frameworks-${CONFIGURATION}-output-files.xcfilelist",
			);
			runOnlyForDeploymentPostprocessing = 0;
			shellPath = /bin/sh;
			shellScript = "\"${PODS_ROOT}/Target Support Files/Pods-app_doan_xe/Pods-app_doan_xe-frameworks.sh\"\n";
			showEnvVarsInLog = 0;
		};
		6FF6A3ABBA079D509322C053 /* [CP] Check Pods Manifest.lock */ = {
			isa = PBXShellScriptBuildPhase;
			buildActionMask = 2147483647;
			files = (
			);
			inputFileListPaths = (
			);
			inputPaths = (
				"${PODS_PODFILE_DIR_PATH}/Podfile.lock",
				"${PODS_ROOT}/Manifest.lock",
			);
			name = "[CP] Check Pods Manifest.lock";
			outputFileListPaths = (
			);
			outputPaths = (
				"$(DERIVED_FILE_DIR)/Pods-app_doan_xe-checkManifestLockResult.txt",
			);
			runOnlyForDeploymentPostprocessing = 0;
			shellPath = /bin/sh;
			shellScript = "diff \"${PODS_PODFILE_DIR_PATH}/Podfile.lock\" \"${PODS_ROOT}/Manifest.lock\" > /dev/null\nif [ $? != 0 ] ; then\n    # print error to STDERR\n    echo \"error: The sandbox is not in sync with the Podfile.lock. Run 'pod install' or update your CocoaPods installation.\" >&2\n    exit 1\nfi\n# This output is used by Xcode 'outputs' to avoid re-running this script phase.\necho \"SUCCESS\" > \"${SCRIPT_OUTPUT_FILE_0}\"\n";
			showEnvVarsInLog = 0;
		};
/* End PBXShellScriptBuildPhase section */

/* Begin PBXSourcesBuildPhase section */
		E7235DE9271C9481008F18B1 /* Sources */ = {
			isa = PBXSourcesBuildPhase;
			buildActionMask = 2147483647;
			files = (
				E7235E20271CA5DA008F18B1 /* WordsModel.swift in Sources */,
				E7235E2C271CA5EF008F18B1 /* ChooseQuestionCLVCell.swift in Sources */,
				E7235E16271CA4BE008F18B1 /* ChooseLevelViewController.swift in Sources */,
				E7235E14271CA464008F18B1 /* PlayViewController.swift in Sources */,
				E7235DF1271C9481008F18B1 /* AppDelegate.swift in Sources */,
				E785B39F271DEF1A00C0E561 /* LetterModel.swift in Sources */,
				E7235E18271CA4C2008F18B1 /* ChooseQuestionViewController.swift in Sources */,
				E7235E2D271CA5EF008F18B1 /* GuessCLVCell.swift in Sources */,
				E7235E33271CA5EF008F18B1 /* ImagePlayCLVCell.swift in Sources */,
				E74E9541279C6673003DD948 /* CorrectViewController.swift in Sources */,
				E704382627B55428001B9D9A /* AnswerWhiteSpaceCLVCell.swift in Sources */,
				E777AD00277BA12700C878A1 /* SQLiteService.swift in Sources */,
				E7235DF3271C9481008F18B1 /* SceneDelegate.swift in Sources */,
				E7235E1A271CA4C5008F18B1 /* MainViewController.swift in Sources */,
				E7235E2E271CA5EF008F18B1 /* ChooseLevelCLVCell.swift in Sources */,
				E7235E31271CA5EF008F18B1 /* AnswerCLVCell.swift in Sources */,
			);
			runOnlyForDeploymentPostprocessing = 0;
		};
/* End PBXSourcesBuildPhase section */

/* Begin PBXVariantGroup section */
		E7235DF6271C9481008F18B1 /* Main.storyboard */ = {
			isa = PBXVariantGroup;
			children = (
				E7235DF7271C9481008F18B1 /* Base */,
			);
			name = Main.storyboard;
			sourceTree = "<group>";
		};
		E7235DFB271C9482008F18B1 /* LaunchScreen.storyboard */ = {
			isa = PBXVariantGroup;
			children = (
				E7235DFC271C9482008F18B1 /* Base */,
			);
			name = LaunchScreen.storyboard;
			sourceTree = "<group>";
		};
/* End PBXVariantGroup section */

/* Begin XCBuildConfiguration section */
		E7235DFF271C9482008F18B1 /* Debug */ = {
			isa = XCBuildConfiguration;
			buildSettings = {
				ALWAYS_SEARCH_USER_PATHS = NO;
				CLANG_ANALYZER_NONNULL = YES;
				CLANG_ANALYZER_NUMBER_OBJECT_CONVERSION = YES_AGGRESSIVE;
				CLANG_CXX_LANGUAGE_STANDARD = "gnu++17";
				CLANG_CXX_LIBRARY = "libc++";
				CLANG_ENABLE_MODULES = YES;
				CLANG_ENABLE_OBJC_ARC = YES;
				CLANG_ENABLE_OBJC_WEAK = YES;
				CLANG_WARN_BLOCK_CAPTURE_AUTORELEASING = YES;
				CLANG_WARN_BOOL_CONVERSION = YES;
				CLANG_WARN_COMMA = YES;
				CLANG_WARN_CONSTANT_CONVERSION = YES;
				CLANG_WARN_DEPRECATED_OBJC_IMPLEMENTATIONS = YES;
				CLANG_WARN_DIRECT_OBJC_ISA_USAGE = YES_ERROR;
				CLANG_WARN_DOCUMENTATION_COMMENTS = YES;
				CLANG_WARN_EMPTY_BODY = YES;
				CLANG_WARN_ENUM_CONVERSION = YES;
				CLANG_WARN_INFINITE_RECURSION = YES;
				CLANG_WARN_INT_CONVERSION = YES;
				CLANG_WARN_NON_LITERAL_NULL_CONVERSION = YES;
				CLANG_WARN_OBJC_IMPLICIT_RETAIN_SELF = YES;
				CLANG_WARN_OBJC_LITERAL_CONVERSION = YES;
				CLANG_WARN_OBJC_ROOT_CLASS = YES_ERROR;
				CLANG_WARN_QUOTED_INCLUDE_IN_FRAMEWORK_HEADER = YES;
				CLANG_WARN_RANGE_LOOP_ANALYSIS = YES;
				CLANG_WARN_STRICT_PROTOTYPES = YES;
				CLANG_WARN_SUSPICIOUS_MOVE = YES;
				CLANG_WARN_UNGUARDED_AVAILABILITY = YES_AGGRESSIVE;
				CLANG_WARN_UNREACHABLE_CODE = YES;
				CLANG_WARN__DUPLICATE_METHOD_MATCH = YES;
				COPY_PHASE_STRIP = NO;
				DEBUG_INFORMATION_FORMAT = dwarf;
				ENABLE_STRICT_OBJC_MSGSEND = YES;
				ENABLE_TESTABILITY = YES;
				GCC_C_LANGUAGE_STANDARD = gnu11;
				GCC_DYNAMIC_NO_PIC = NO;
				GCC_NO_COMMON_BLOCKS = YES;
				GCC_OPTIMIZATION_LEVEL = 0;
				GCC_PREPROCESSOR_DEFINITIONS = (
					"DEBUG=1",
					"$(inherited)",
				);
				GCC_WARN_64_TO_32_BIT_CONVERSION = YES;
				GCC_WARN_ABOUT_RETURN_TYPE = YES_ERROR;
				GCC_WARN_UNDECLARED_SELECTOR = YES;
				GCC_WARN_UNINITIALIZED_AUTOS = YES_AGGRESSIVE;
				GCC_WARN_UNUSED_FUNCTION = YES;
				GCC_WARN_UNUSED_VARIABLE = YES;
				IPHONEOS_DEPLOYMENT_TARGET = 15.0;
				MTL_ENABLE_DEBUG_INFO = INCLUDE_SOURCE;
				MTL_FAST_MATH = YES;
				ONLY_ACTIVE_ARCH = YES;
				SDKROOT = iphoneos;
				SWIFT_ACTIVE_COMPILATION_CONDITIONS = DEBUG;
				SWIFT_OPTIMIZATION_LEVEL = "-Onone";
			};
			name = Debug;
		};
		E7235E00271C9482008F18B1 /* Release */ = {
			isa = XCBuildConfiguration;
			buildSettings = {
				ALWAYS_SEARCH_USER_PATHS = NO;
				CLANG_ANALYZER_NONNULL = YES;
				CLANG_ANALYZER_NUMBER_OBJECT_CONVERSION = YES_AGGRESSIVE;
				CLANG_CXX_LANGUAGE_STANDARD = "gnu++17";
				CLANG_CXX_LIBRARY = "libc++";
				CLANG_ENABLE_MODULES = YES;
				CLANG_ENABLE_OBJC_ARC = YES;
				CLANG_ENABLE_OBJC_WEAK = YES;
				CLANG_WARN_BLOCK_CAPTURE_AUTORELEASING = YES;
				CLANG_WARN_BOOL_CONVERSION = YES;
				CLANG_WARN_COMMA = YES;
				CLANG_WARN_CONSTANT_CONVERSION = YES;
				CLANG_WARN_DEPRECATED_OBJC_IMPLEMENTATIONS = YES;
				CLANG_WARN_DIRECT_OBJC_ISA_USAGE = YES_ERROR;
				CLANG_WARN_DOCUMENTATION_COMMENTS = YES;
				CLANG_WARN_EMPTY_BODY = YES;
				CLANG_WARN_ENUM_CONVERSION = YES;
				CLANG_WARN_INFINITE_RECURSION = YES;
				CLANG_WARN_INT_CONVERSION = YES;
				CLANG_WARN_NON_LITERAL_NULL_CONVERSION = YES;
				CLANG_WARN_OBJC_IMPLICIT_RETAIN_SELF = YES;
				CLANG_WARN_OBJC_LITERAL_CONVERSION = YES;
				CLANG_WARN_OBJC_ROOT_CLASS = YES_ERROR;
				CLANG_WARN_QUOTED_INCLUDE_IN_FRAMEWORK_HEADER = YES;
				CLANG_WARN_RANGE_LOOP_ANALYSIS = YES;
				CLANG_WARN_STRICT_PROTOTYPES = YES;
				CLANG_WARN_SUSPICIOUS_MOVE = YES;
				CLANG_WARN_UNGUARDED_AVAILABILITY = YES_AGGRESSIVE;
				CLANG_WARN_UNREACHABLE_CODE = YES;
				CLANG_WARN__DUPLICATE_METHOD_MATCH = YES;
				COPY_PHASE_STRIP = NO;
				DEBUG_INFORMATION_FORMAT = "dwarf-with-dsym";
				ENABLE_NS_ASSERTIONS = NO;
				ENABLE_STRICT_OBJC_MSGSEND = YES;
				GCC_C_LANGUAGE_STANDARD = gnu11;
				GCC_NO_COMMON_BLOCKS = YES;
				GCC_WARN_64_TO_32_BIT_CONVERSION = YES;
				GCC_WARN_ABOUT_RETURN_TYPE = YES_ERROR;
				GCC_WARN_UNDECLARED_SELECTOR = YES;
				GCC_WARN_UNINITIALIZED_AUTOS = YES_AGGRESSIVE;
				GCC_WARN_UNUSED_FUNCTION = YES;
				GCC_WARN_UNUSED_VARIABLE = YES;
				IPHONEOS_DEPLOYMENT_TARGET = 15.0;
				MTL_ENABLE_DEBUG_INFO = NO;
				MTL_FAST_MATH = YES;
				SDKROOT = iphoneos;
				SWIFT_COMPILATION_MODE = wholemodule;
				SWIFT_OPTIMIZATION_LEVEL = "-O";
				VALIDATE_PRODUCT = YES;
			};
			name = Release;
		};
		E7235E02271C9482008F18B1 /* Debug */ = {
			isa = XCBuildConfiguration;
			baseConfigurationReference = BD8C5872D10A514ECC10854E /* Pods-app_doan_xe.debug.xcconfig */;
			buildSettings = {
				ASSETCATALOG_COMPILER_APPICON_NAME = AppIcon;
				ASSETCATALOG_COMPILER_GLOBAL_ACCENT_COLOR_NAME = AccentColor;
				CODE_SIGN_STYLE = Automatic;
				CURRENT_PROJECT_VERSION = 1;
				GENERATE_INFOPLIST_FILE = YES;
				INFOPLIST_FILE = app_doan_xe/Info.plist;
				INFOPLIST_KEY_CFBundleDisplayName = "Guess The Movie & Character";
				INFOPLIST_KEY_UIApplicationSupportsIndirectInputEvents = YES;
				INFOPLIST_KEY_UILaunchStoryboardName = LaunchScreen;
				INFOPLIST_KEY_UIMainStoryboardFile = Main;
				INFOPLIST_KEY_UISupportedInterfaceOrientations_iPad = "UIInterfaceOrientationPortrait UIInterfaceOrientationPortraitUpsideDown UIInterfaceOrientationLandscapeLeft UIInterfaceOrientationLandscapeRight";
				INFOPLIST_KEY_UISupportedInterfaceOrientations_iPhone = "UIInterfaceOrientationPortrait UIInterfaceOrientationLandscapeLeft UIInterfaceOrientationLandscapeRight";
				IPHONEOS_DEPLOYMENT_TARGET = 14.0;
				LD_RUNPATH_SEARCH_PATHS = (
					"$(inherited)",
					"@executable_path/Frameworks",
				);
				MARKETING_VERSION = 1.0;
				PRODUCT_BUNDLE_IDENTIFIER = "son.app-doan-xe";
				PRODUCT_NAME = "$(TARGET_NAME)";
				SWIFT_EMIT_LOC_STRINGS = YES;
				SWIFT_VERSION = 5.0;
				TARGETED_DEVICE_FAMILY = "1,2";
			};
			name = Debug;
		};
		E7235E03271C9482008F18B1 /* Release */ = {
			isa = XCBuildConfiguration;
			baseConfigurationReference = 15B506D8E592FAAF8BEBD8D2 /* Pods-app_doan_xe.release.xcconfig */;
			buildSettings = {
				ASSETCATALOG_COMPILER_APPICON_NAME = AppIcon;
				ASSETCATALOG_COMPILER_GLOBAL_ACCENT_COLOR_NAME = AccentColor;
				CODE_SIGN_STYLE = Automatic;
				CURRENT_PROJECT_VERSION = 1;
				GENERATE_INFOPLIST_FILE = YES;
				INFOPLIST_FILE = app_doan_xe/Info.plist;
				INFOPLIST_KEY_CFBundleDisplayName = "Guess The Movie & Character";
				INFOPLIST_KEY_UIApplicationSupportsIndirectInputEvents = YES;
				INFOPLIST_KEY_UILaunchStoryboardName = LaunchScreen;
				INFOPLIST_KEY_UIMainStoryboardFile = Main;
				INFOPLIST_KEY_UISupportedInterfaceOrientations_iPad = "UIInterfaceOrientationPortrait UIInterfaceOrientationPortraitUpsideDown UIInterfaceOrientationLandscapeLeft UIInterfaceOrientationLandscapeRight";
				INFOPLIST_KEY_UISupportedInterfaceOrientations_iPhone = "UIInterfaceOrientationPortrait UIInterfaceOrientationLandscapeLeft UIInterfaceOrientationLandscapeRight";
				IPHONEOS_DEPLOYMENT_TARGET = 14.0;
				LD_RUNPATH_SEARCH_PATHS = (
					"$(inherited)",
					"@executable_path/Frameworks",
				);
				MARKETING_VERSION = 1.0;
				PRODUCT_BUNDLE_IDENTIFIER = "son.app-doan-xe";
				PRODUCT_NAME = "$(TARGET_NAME)";
				SWIFT_EMIT_LOC_STRINGS = YES;
				SWIFT_VERSION = 5.0;
				TARGETED_DEVICE_FAMILY = "1,2";
			};
			name = Release;
		};
/* End XCBuildConfiguration section */

/* Begin XCConfigurationList section */
		E7235DE8271C9481008F18B1 /* Build configuration list for PBXProject "app_doan_xe" */ = {
			isa = XCConfigurationList;
			buildConfigurations = (
				E7235DFF271C9482008F18B1 /* Debug */,
				E7235E00271C9482008F18B1 /* Release */,
			);
			defaultConfigurationIsVisible = 0;
			defaultConfigurationName = Release;
		};
		E7235E01271C9482008F18B1 /* Build configuration list for PBXNativeTarget "app_doan_xe" */ = {
			isa = XCConfigurationList;
			buildConfigurations = (
				E7235E02271C9482008F18B1 /* Debug */,
				E7235E03271C9482008F18B1 /* Release */,
			);
			defaultConfigurationIsVisible = 0;
			defaultConfigurationName = Release;
		};
/* End XCConfigurationList section */
	};
	rootObject = E7235DE5271C9481008F18B1 /* Project object */;
}
